// !$*UTF8*$!
{
	archiveVersion = 1;
	classes = {
	};
	objectVersion = 46;
	objects = {

/* Begin PBXBuildFile section */
		16426F861E81A51600402F95 /* AppDelegate.swift in Sources */ = {isa = PBXBuildFile; fileRef = 16426F851E81A51600402F95 /* AppDelegate.swift */; };
		16426F881E81A51600402F95 /* Assets.xcassets in Resources */ = {isa = PBXBuildFile; fileRef = 16426F871E81A51600402F95 /* Assets.xcassets */; };
		16426F8B1E81A51600402F95 /* MainMenu.xib in Resources */ = {isa = PBXBuildFile; fileRef = 16426F891E81A51600402F95 /* MainMenu.xib */; };
		16426F951E81A8E600402F95 /* Reducer.swift in Sources */ = {isa = PBXBuildFile; fileRef = 16426F941E81A8E600402F95 /* Reducer.swift */; };
		16CDEAA81F28C86E0076B643 /* DispatchStore_macOS.framework in Frameworks */ = {isa = PBXBuildFile; fileRef = 16CDEAA41F28C84E0076B643 /* DispatchStore_macOS.framework */; };
		16CDEAA91F28C86E0076B643 /* DispatchStore_macOS.framework in Embed Frameworks */ = {isa = PBXBuildFile; fileRef = 16CDEAA41F28C84E0076B643 /* DispatchStore_macOS.framework */; settings = {ATTRIBUTES = (CodeSignOnCopy, RemoveHeadersOnCopy, ); }; };
/* End PBXBuildFile section */

/* Begin PBXContainerItemProxy section */
		16CDEAA11F28C84E0076B643 /* PBXContainerItemProxy */ = {
			isa = PBXContainerItemProxy;
			containerPortal = 16CDEA9C1F28C84E0076B643 /* DispatchStore.xcodeproj */;
			proxyType = 2;
			remoteGlobalIDString = 167A43161E8452C900083790;
			remoteInfo = DispatchStore_iOS;
		};
		16CDEAA31F28C84E0076B643 /* PBXContainerItemProxy */ = {
			isa = PBXContainerItemProxy;
			containerPortal = 16CDEA9C1F28C84E0076B643 /* DispatchStore.xcodeproj */;
			proxyType = 2;
			remoteGlobalIDString = 167A43321E8453E100083790;
			remoteInfo = DispatchStore_macOS;
		};
		16CDEAAA1F28C86E0076B643 /* PBXContainerItemProxy */ = {
			isa = PBXContainerItemProxy;
			containerPortal = 16CDEA9C1F28C84E0076B643 /* DispatchStore.xcodeproj */;
			proxyType = 1;
			remoteGlobalIDString = 167A43311E8453E100083790;
			remoteInfo = DispatchStore_macOS;
		};
/* End PBXContainerItemProxy section */

/* Begin PBXCopyFilesBuildPhase section */
		16426FAB1E81A98900402F95 /* Embed Frameworks */ = {
			isa = PBXCopyFilesBuildPhase;
			buildActionMask = 2147483647;
			dstPath = "";
			dstSubfolderSpec = 10;
			files = (
				16CDEAA91F28C86E0076B643 /* DispatchStore_macOS.framework in Embed Frameworks */,
			);
			name = "Embed Frameworks";
			runOnlyForDeploymentPostprocessing = 0;
		};
/* End PBXCopyFilesBuildPhase section */

/* Begin PBXFileReference section */
		16426F821E81A51600402F95 /* macOSDemo.app */ = {isa = PBXFileReference; explicitFileType = wrapper.application; includeInIndex = 0; path = macOSDemo.app; sourceTree = BUILT_PRODUCTS_DIR; };
		16426F851E81A51600402F95 /* AppDelegate.swift */ = {isa = PBXFileReference; lastKnownFileType = sourcecode.swift; path = AppDelegate.swift; sourceTree = "<group>"; };
		16426F871E81A51600402F95 /* Assets.xcassets */ = {isa = PBXFileReference; lastKnownFileType = folder.assetcatalog; path = Assets.xcassets; sourceTree = "<group>"; };
		16426F8A1E81A51600402F95 /* Base */ = {isa = PBXFileReference; lastKnownFileType = file.xib; name = Base; path = Base.lproj/MainMenu.xib; sourceTree = "<group>"; };
		16426F8C1E81A51600402F95 /* Info.plist */ = {isa = PBXFileReference; lastKnownFileType = text.plist.xml; path = Info.plist; sourceTree = "<group>"; };
		16426F941E81A8E600402F95 /* Reducer.swift */ = {isa = PBXFileReference; fileEncoding = 4; lastKnownFileType = sourcecode.swift; path = Reducer.swift; sourceTree = "<group>"; };
		16CDEA9C1F28C84E0076B643 /* DispatchStore.xcodeproj */ = {isa = PBXFileReference; lastKnownFileType = "wrapper.pb-project"; name = DispatchStore.xcodeproj; path = /Users/alexusbergo/Desktop/Dispatch/DispatchStore.xcodeproj; sourceTree = "<absolute>"; };
/* End PBXFileReference section */

/* Begin PBXFrameworksBuildPhase section */
		16426F7F1E81A51600402F95 /* Frameworks */ = {
			isa = PBXFrameworksBuildPhase;
			buildActionMask = 2147483647;
			files = (
				16CDEAA81F28C86E0076B643 /* DispatchStore_macOS.framework in Frameworks */,
			);
			runOnlyForDeploymentPostprocessing = 0;
		};
/* End PBXFrameworksBuildPhase section */

/* Begin PBXGroup section */
		16426F791E81A51600402F95 = {
			isa = PBXGroup;
			children = (
				16CDEA9C1F28C84E0076B643 /* DispatchStore.xcodeproj */,
				16426F841E81A51600402F95 /* macOSDemo */,
				16426F831E81A51600402F95 /* Products */,
			);
			sourceTree = "<group>";
		};
		16426F831E81A51600402F95 /* Products */ = {
			isa = PBXGroup;
			children = (
				16426F821E81A51600402F95 /* macOSDemo.app */,
			);
			name = Products;
			sourceTree = "<group>";
		};
		16426F841E81A51600402F95 /* macOSDemo */ = {
			isa = PBXGroup;
			children = (
				16426F941E81A8E600402F95 /* Reducer.swift */,
				16426F851E81A51600402F95 /* AppDelegate.swift */,
				16426F871E81A51600402F95 /* Assets.xcassets */,
				16426F891E81A51600402F95 /* MainMenu.xib */,
				16426F8C1E81A51600402F95 /* Info.plist */,
			);
			path = macOSDemo;
			sourceTree = "<group>";
		};
		16CDEA9D1F28C84E0076B643 /* Products */ = {
			isa = PBXGroup;
			children = (
				16CDEAA21F28C84E0076B643 /* DispatchStore_iOS.framework */,
				16CDEAA41F28C84E0076B643 /* DispatchStore_macOS.framework */,
			);
			name = Products;
			sourceTree = "<group>";
		};
/* End PBXGroup section */

/* Begin PBXNativeTarget section */
		16426F811E81A51600402F95 /* macOSDemo */ = {
			isa = PBXNativeTarget;
			buildConfigurationList = 16426F8F1E81A51600402F95 /* Build configuration list for PBXNativeTarget "macOSDemo" */;
			buildPhases = (
				16426F7E1E81A51600402F95 /* Sources */,
				16426F7F1E81A51600402F95 /* Frameworks */,
				16426F801E81A51600402F95 /* Resources */,
				16426FAB1E81A98900402F95 /* Embed Frameworks */,
			);
			buildRules = (
			);
			dependencies = (
				16CDEAAB1F28C86E0076B643 /* PBXTargetDependency */,
			);
			name = macOSDemo;
			productName = macOSDemo;
			productReference = 16426F821E81A51600402F95 /* macOSDemo.app */;
			productType = "com.apple.product-type.application";
		};
/* End PBXNativeTarget section */

/* Begin PBXProject section */
		16426F7A1E81A51600402F95 /* Project object */ = {
			isa = PBXProject;
			attributes = {
				LastSwiftUpdateCheck = 0820;
				LastUpgradeCheck = 0820;
				ORGANIZATIONNAME = "Alex Usbergo";
				TargetAttributes = {
					16426F811E81A51600402F95 = {
						CreatedOnToolsVersion = 8.2.1;
						ProvisioningStyle = Automatic;
					};
				};
			};
			buildConfigurationList = 16426F7D1E81A51600402F95 /* Build configuration list for PBXProject "macOSDemo" */;
			compatibilityVersion = "Xcode 3.2";
			developmentRegion = English;
			hasScannedForEncodings = 0;
			knownRegions = (
				en,
				Base,
			);
			mainGroup = 16426F791E81A51600402F95;
			productRefGroup = 16426F831E81A51600402F95 /* Products */;
			projectDirPath = "";
			projectReferences = (
				{
					ProductGroup = 16CDEA9D1F28C84E0076B643 /* Products */;
					ProjectRef = 16CDEA9C1F28C84E0076B643 /* DispatchStore.xcodeproj */;
				},
			);
			projectRoot = "";
			targets = (
				16426F811E81A51600402F95 /* macOSDemo */,
			);
		};
/* End PBXProject section */

/* Begin PBXReferenceProxy section */
		16CDEAA21F28C84E0076B643 /* DispatchStore_iOS.framework */ = {
			isa = PBXReferenceProxy;
			fileType = wrapper.framework;
			path = DispatchStore_iOS.framework;
			remoteRef = 16CDEAA11F28C84E0076B643 /* PBXContainerItemProxy */;
			sourceTree = BUILT_PRODUCTS_DIR;
		};
		16CDEAA41F28C84E0076B643 /* DispatchStore_macOS.framework */ = {
			isa = PBXReferenceProxy;
			fileType = wrapper.framework;
			path = DispatchStore_macOS.framework;
			remoteRef = 16CDEAA31F28C84E0076B643 /* PBXContainerItemProxy */;
			sourceTree = BUILT_PRODUCTS_DIR;
		};
/* End PBXReferenceProxy section */

/* Begin PBXResourcesBuildPhase section */
		16426F801E81A51600402F95 /* Resources */ = {
			isa = PBXResourcesBuildPhase;
			buildActionMask = 2147483647;
			files = (
				16426F881E81A51600402F95 /* Assets.xcassets in Resources */,
				16426F8B1E81A51600402F95 /* MainMenu.xib in Resources */,
			);
			runOnlyForDeploymentPostprocessing = 0;
		};
/* End PBXResourcesBuildPhase section */

/* Begin PBXSourcesBuildPhase section */
		16426F7E1E81A51600402F95 /* Sources */ = {
			isa = PBXSourcesBuildPhase;
			buildActionMask = 2147483647;
			files = (
				16426F861E81A51600402F95 /* AppDelegate.swift in Sources */,
				16426F951E81A8E600402F95 /* Reducer.swift in Sources */,
			);
			runOnlyForDeploymentPostprocessing = 0;
		};
/* End PBXSourcesBuildPhase section */

/* Begin PBXTargetDependency section */
		16CDEAAB1F28C86E0076B643 /* PBXTargetDependency */ = {
			isa = PBXTargetDependency;
			name = DispatchStore_macOS;
			targetProxy = 16CDEAAA1F28C86E0076B643 /* PBXContainerItemProxy */;
		};
/* End PBXTargetDependency section */

/* Begin PBXVariantGroup section */
		16426F891E81A51600402F95 /* MainMenu.xib */ = {
			isa = PBXVariantGroup;
			children = (
				16426F8A1E81A51600402F95 /* Base */,
			);
			name = MainMenu.xib;
			sourceTree = "<group>";
		};
/* End PBXVariantGroup section */

/* Begin XCBuildConfiguration section */
		16426F8D1E81A51600402F95 /* Debug */ = {
			isa = XCBuildConfiguration;
			buildSettings = {
				ALWAYS_SEARCH_USER_PATHS = NO;
				CLANG_ANALYZER_NONNULL = YES;
				CLANG_CXX_LANGUAGE_STANDARD = "gnu++0x";
				CLANG_CXX_LIBRARY = "libc++";
				CLANG_ENABLE_MODULES = YES;
				CLANG_ENABLE_OBJC_ARC = YES;
				CLANG_WARN_BOOL_CONVERSION = YES;
				CLANG_WARN_CONSTANT_CONVERSION = YES;
				CLANG_WARN_DIRECT_OBJC_ISA_USAGE = YES_ERROR;
				CLANG_WARN_DOCUMENTATION_COMMENTS = YES;
				CLANG_WARN_EMPTY_BODY = YES;
				CLANG_WARN_ENUM_CONVERSION = YES;
				CLANG_WARN_INFINITE_RECURSION = YES;
				CLANG_WARN_INT_CONVERSION = YES;
				CLANG_WARN_OBJC_ROOT_CLASS = YES_ERROR;
				CLANG_WARN_SUSPICIOUS_MOVE = YES;
				CLANG_WARN_UNREACHABLE_CODE = YES;
				CLANG_WARN__DUPLICATE_METHOD_MATCH = YES;
				CODE_SIGN_IDENTITY = "-";
				COPY_PHASE_STRIP = NO;
				DEBUG_INFORMATION_FORMAT = dwarf;
				ENABLE_STRICT_OBJC_MSGSEND = YES;
				ENABLE_TESTABILITY = YES;
				GCC_C_LANGUAGE_STANDARD = gnu99;
				GCC_DYNAMIC_NO_PIC = NO;
				GCC_NO_COMMON_BLOCKS = YES;
				GCC_OPTIMIZATION_LEVEL = 0;
				GCC_PREPROCESSOR_DEFINITIONS = (
					"DEBUG=1",
					"$(inherited)",
				);
				GCC_WARN_64_TO_32_BIT_CONVERSION = YES;
				GCC_WARN_ABOUT_RETURN_TYPE = YES_ERROR;
				GCC_WARN_UNDECLARED_SELECTOR = YES;
				GCC_WARN_UNINITIALIZED_AUTOS = YES_AGGRESSIVE;
				GCC_WARN_UNUSED_FUNCTION = YES;
				GCC_WARN_UNUSED_VARIABLE = YES;
				MACOSX_DEPLOYMENT_TARGET = 10.12;
				MTL_ENABLE_DEBUG_INFO = YES;
				ONLY_ACTIVE_ARCH = YES;
				SDKROOT = macosx;
				SWIFT_ACTIVE_COMPILATION_CONDITIONS = DEBUG;
				SWIFT_OPTIMIZATION_LEVEL = "-Onone";
			};
			name = Debug;
		};
		16426F8E1E81A51600402F95 /* Release */ = {
			isa = XCBuildConfiguration;
			buildSettings = {
				ALWAYS_SEARCH_USER_PATHS = NO;
				CLANG_ANALYZER_NONNULL = YES;
				CLANG_CXX_LANGUAGE_STANDARD = "gnu++0x";
				CLANG_CXX_LIBRARY = "libc++";
				CLANG_ENABLE_MODULES = YES;
				CLANG_ENABLE_OBJC_ARC = YES;
				CLANG_WARN_BOOL_CONVERSION = YES;
				CLANG_WARN_CONSTANT_CONVERSION = YES;
				CLANG_WARN_DIRECT_OBJC_ISA_USAGE = YES_ERROR;
				CLANG_WARN_DOCUMENTATION_COMMENTS = YES;
				CLANG_WARN_EMPTY_BODY = YES;
				CLANG_WARN_ENUM_CONVERSION = YES;
				CLANG_WARN_INFINITE_RECURSION = YES;
				CLANG_WARN_INT_CONVERSION = YES;
				CLANG_WARN_OBJC_ROOT_CLASS = YES_ERROR;
				CLANG_WARN_SUSPICIOUS_MOVE = YES;
				CLANG_WARN_UNREACHABLE_CODE = YES;
				CLANG_WARN__DUPLICATE_METHOD_MATCH = YES;
				CODE_SIGN_IDENTITY = "-";
				COPY_PHASE_STRIP = NO;
				DEBUG_INFORMATION_FORMAT = "dwarf-with-dsym";
				ENABLE_NS_ASSERTIONS = NO;
				ENABLE_STRICT_OBJC_MSGSEND = YES;
				GCC_C_LANGUAGE_STANDARD = gnu99;
				GCC_NO_COMMON_BLOCKS = YES;
				GCC_WARN_64_TO_32_BIT_CONVERSION = YES;
				GCC_WARN_ABOUT_RETURN_TYPE = YES_ERROR;
				GCC_WARN_UNDECLARED_SELECTOR = YES;
				GCC_WARN_UNINITIALIZED_AUTOS = YES_AGGRESSIVE;
				GCC_WARN_UNUSED_FUNCTION = YES;
				GCC_WARN_UNUSED_VARIABLE = YES;
				MACOSX_DEPLOYMENT_TARGET = 10.12;
				MTL_ENABLE_DEBUG_INFO = NO;
				SDKROOT = macosx;
				SWIFT_OPTIMIZATION_LEVEL = "-Owholemodule";
			};
			name = Release;
		};
		16426F901E81A51600402F95 /* Debug */ = {
			isa = XCBuildConfiguration;
			buildSettings = {
				ALWAYS_EMBED_SWIFT_STANDARD_LIBRARIES = YES;
				ASSETCATALOG_COMPILER_APPICON_NAME = AppIcon;
				COMBINE_HIDPI_IMAGES = YES;
				FRAMEWORK_SEARCH_PATHS = (
					"$(inherited)",
					"$(PROJECT_DIR)/Frameworks/Carthage/Build/Mac",
					"$(PROJECT_DIR)/Frameworks",
				);
				INFOPLIST_FILE = macOSDemo/Info.plist;
				LD_RUNPATH_SEARCH_PATHS = "$(inherited) @executable_path/../Frameworks";
				PRODUCT_BUNDLE_IDENTIFIER = com.alexdrone.macOSDemo;
				PRODUCT_NAME = "$(TARGET_NAME)";
				SWIFT_VERSION = 3.0;
			};
			name = Debug;
		};
		16426F911E81A51600402F95 /* Release */ = {
			isa = XCBuildConfiguration;
			buildSettings = {
				ALWAYS_EMBED_SWIFT_STANDARD_LIBRARIES = YES;
				ASSETCATALOG_COMPILER_APPICON_NAME = AppIcon;
				COMBINE_HIDPI_IMAGES = YES;
				FRAMEWORK_SEARCH_PATHS = (
					"$(inherited)",
					"$(PROJECT_DIR)/Frameworks/Carthage/Build/Mac",
					"$(PROJECT_DIR)/Frameworks",
				);
				INFOPLIST_FILE = macOSDemo/Info.plist;
				LD_RUNPATH_SEARCH_PATHS = "$(inherited) @executable_path/../Frameworks";
				PRODUCT_BUNDLE_IDENTIFIER = com.alexdrone.macOSDemo;
				PRODUCT_NAME = "$(TARGET_NAME)";
				SWIFT_VERSION = 3.0;
			};
			name = Release;
		};
/* End XCBuildConfiguration section */

/* Begin XCConfigurationList section */
		16426F7D1E81A51600402F95 /* Build configuration list for PBXProject "macOSDemo" */ = {
			isa = XCConfigurationList;
			buildConfigurations = (
				16426F8D1E81A51600402F95 /* Debug */,
				16426F8E1E81A51600402F95 /* Release */,
			);
			defaultConfigurationIsVisible = 0;
			defaultConfigurationName = Release;
		};
		16426F8F1E81A51600402F95 /* Build configuration list for PBXNativeTarget "macOSDemo" */ = {
			isa = XCConfigurationList;
			buildConfigurations = (
				16426F901E81A51600402F95 /* Debug */,
				16426F911E81A51600402F95 /* Release */,
			);
			defaultConfigurationIsVisible = 0;
			defaultConfigurationName = Release;
		};
/* End XCConfigurationList section */
	};
	rootObject = 16426F7A1E81A51600402F95 /* Project object */;
}
