{
  "object": {
    "pins": [
      {
        "package": "Store",
        "repositoryURL": "https://github.com/alexdrone/Store",
        "state": {
          "branch": "master",
          "revision": "1c74b3d90e6bcb2ee2c1c64ad81fad3215d41dfd",
          "version": null
        }
      }
    ]
  },
  "version": 1
}
