{
  "object": {
    "pins": [
      {
        "package": "OpenCombine",
        "repositoryURL": "https://github.com/OpenCombine/OpenCombine.git",
        "state": {
          "branch": null,
          "revision": "28993ae57de5a4ea7e164787636cafad442d568c",
          "version": "0.12.0"
        }
      },
      {
        "package": "Store",
        "repositoryURL": "https://github.com/alexdrone/Store",
        "state": {
          "branch": "master",
          "revision": "e07dc7b0f54c98b977feab0c67c9782e54ba81e0",
          "version": null
        }
      },
      {
        "package": "swift-log",
        "repositoryURL": "https://github.com/apple/swift-log.git",
        "state": {
          "branch": null,
          "revision": "5d66f7ba25daf4f94100e7022febf3c75e37a6c7",
          "version": "1.4.2"
        }
      }
    ]
  },
  "version": 1
}
