{
  "object": {
    "pins": [
      {
        "package": "Store",
        "repositoryURL": "https://github.com/alexdrone/Store",
        "state": {
          "branch": "master",
          "revision": "2d53f740f60a11b298382bb39c58ea0005499cd2",
          "version": null
        }
      }
    ]
  },
  "version": 1
}
