// !$*UTF8*$!
{
	archiveVersion = 1;
	classes = {
	};
	objectVersion = 46;
	objects = {

/* Begin PBXBuildFile section */
		1601D4241E8895B6008A2CF5 /* Action.swift in Sources */ = {isa = PBXBuildFile; fileRef = 1601D4231E8895B6008A2CF5 /* Action.swift */; };
		1601D4251E8895D3008A2CF5 /* Action.swift in Sources */ = {isa = PBXBuildFile; fileRef = 1601D4231E8895B6008A2CF5 /* Action.swift */; };
		167A431B1E8452C900083790 /* Dispatcher.h in Headers */ = {isa = PBXBuildFile; fileRef = 167A43191E8452C900083790 /* Dispatcher.h */; settings = {ATTRIBUTES = (Public, ); }; };
		167A43271E8453A300083790 /* Dispatcher.swift in Sources */ = {isa = PBXBuildFile; fileRef = 167A43211E8453A300083790 /* Dispatcher.swift */; };
		167A43281E8453A300083790 /* LoggerMiddleware.swift in Sources */ = {isa = PBXBuildFile; fileRef = 167A43221E8453A300083790 /* LoggerMiddleware.swift */; };
		167A43291E8453A300083790 /* Middleware.swift in Sources */ = {isa = PBXBuildFile; fileRef = 167A43231E8453A300083790 /* Middleware.swift */; };
		167A432A1E8453A300083790 /* Operations.swift in Sources */ = {isa = PBXBuildFile; fileRef = 167A43241E8453A300083790 /* Operations.swift */; };
		167A432B1E8453A300083790 /* Reducer.swift in Sources */ = {isa = PBXBuildFile; fileRef = 167A43251E8453A300083790 /* Reducer.swift */; };
		167A432C1E8453A300083790 /* Store.swift in Sources */ = {isa = PBXBuildFile; fileRef = 167A43261E8453A300083790 /* Store.swift */; };
		167A43361E8453E100083790 /* Dispatcher_macOS.h in Headers */ = {isa = PBXBuildFile; fileRef = 167A43341E8453E100083790 /* Dispatcher_macOS.h */; settings = {ATTRIBUTES = (Public, ); }; };
		167A433A1E84540A00083790 /* Dispatcher.swift in Sources */ = {isa = PBXBuildFile; fileRef = 167A43211E8453A300083790 /* Dispatcher.swift */; };
		167A433B1E84540A00083790 /* LoggerMiddleware.swift in Sources */ = {isa = PBXBuildFile; fileRef = 167A43221E8453A300083790 /* LoggerMiddleware.swift */; };
		167A433C1E84540A00083790 /* Middleware.swift in Sources */ = {isa = PBXBuildFile; fileRef = 167A43231E8453A300083790 /* Middleware.swift */; };
		167A433D1E84540A00083790 /* Operations.swift in Sources */ = {isa = PBXBuildFile; fileRef = 167A43241E8453A300083790 /* Operations.swift */; };
		167A433E1E84540A00083790 /* Reducer.swift in Sources */ = {isa = PBXBuildFile; fileRef = 167A43251E8453A300083790 /* Reducer.swift */; };
		167A433F1E84540A00083790 /* Store.swift in Sources */ = {isa = PBXBuildFile; fileRef = 167A43261E8453A300083790 /* Store.swift */; };
/* End PBXBuildFile section */

/* Begin PBXFileReference section */
		1601D4231E8895B6008A2CF5 /* Action.swift */ = {isa = PBXFileReference; fileEncoding = 4; lastKnownFileType = sourcecode.swift; path = Action.swift; sourceTree = "<group>"; };
		167A43161E8452C900083790 /* Dispatcher_iOS.framework */ = {isa = PBXFileReference; explicitFileType = wrapper.framework; includeInIndex = 0; path = Dispatcher_iOS.framework; sourceTree = BUILT_PRODUCTS_DIR; };
		167A43191E8452C900083790 /* Dispatcher.h */ = {isa = PBXFileReference; lastKnownFileType = sourcecode.c.h; path = Dispatcher.h; sourceTree = "<group>"; };
		167A431A1E8452C900083790 /* Info.plist */ = {isa = PBXFileReference; lastKnownFileType = text.plist.xml; path = Info.plist; sourceTree = "<group>"; };
		167A43211E8453A300083790 /* Dispatcher.swift */ = {isa = PBXFileReference; fileEncoding = 4; lastKnownFileType = sourcecode.swift; path = Dispatcher.swift; sourceTree = "<group>"; };
		167A43221E8453A300083790 /* LoggerMiddleware.swift */ = {isa = PBXFileReference; fileEncoding = 4; lastKnownFileType = sourcecode.swift; path = LoggerMiddleware.swift; sourceTree = "<group>"; };
		167A43231E8453A300083790 /* Middleware.swift */ = {isa = PBXFileReference; fileEncoding = 4; lastKnownFileType = sourcecode.swift; path = Middleware.swift; sourceTree = "<group>"; };
		167A43241E8453A300083790 /* Operations.swift */ = {isa = PBXFileReference; fileEncoding = 4; lastKnownFileType = sourcecode.swift; path = Operations.swift; sourceTree = "<group>"; };
		167A43251E8453A300083790 /* Reducer.swift */ = {isa = PBXFileReference; fileEncoding = 4; lastKnownFileType = sourcecode.swift; path = Reducer.swift; sourceTree = "<group>"; };
		167A43261E8453A300083790 /* Store.swift */ = {isa = PBXFileReference; fileEncoding = 4; lastKnownFileType = sourcecode.swift; path = Store.swift; sourceTree = "<group>"; };
		167A43321E8453E100083790 /* Dispatcher_macOS.framework */ = {isa = PBXFileReference; explicitFileType = wrapper.framework; includeInIndex = 0; path = Dispatcher_macOS.framework; sourceTree = BUILT_PRODUCTS_DIR; };
		167A43341E8453E100083790 /* Dispatcher_macOS.h */ = {isa = PBXFileReference; lastKnownFileType = sourcecode.c.h; path = Dispatcher_macOS.h; sourceTree = "<group>"; };
		167A43351E8453E100083790 /* Info.plist */ = {isa = PBXFileReference; lastKnownFileType = text.plist.xml; path = Info.plist; sourceTree = "<group>"; };
		16D979D11E88C4CB00F4430B /* RecorderMiddleware.swift */ = {isa = PBXFileReference; fileEncoding = 4; lastKnownFileType = sourcecode.swift; path = RecorderMiddleware.swift; sourceTree = "<group>"; };
/* End PBXFileReference section */

/* Begin PBXFrameworksBuildPhase section */
		167A43121E8452C900083790 /* Frameworks */ = {
			isa = PBXFrameworksBuildPhase;
			buildActionMask = 2147483647;
			files = (
			);
			runOnlyForDeploymentPostprocessing = 0;
		};
		167A432E1E8453E100083790 /* Frameworks */ = {
			isa = PBXFrameworksBuildPhase;
			buildActionMask = 2147483647;
			files = (
			);
			runOnlyForDeploymentPostprocessing = 0;
		};
/* End PBXFrameworksBuildPhase section */

/* Begin PBXGroup section */
		167A430C1E8452C900083790 = {
			isa = PBXGroup;
			children = (
				167A43181E8452C900083790 /* src */,
				167A43331E8453E100083790 /* macos */,
				167A43171E8452C900083790 /* Products */,
			);
			sourceTree = "<group>";
		};
		167A43171E8452C900083790 /* Products */ = {
			isa = PBXGroup;
			children = (
				167A43161E8452C900083790 /* Dispatcher_iOS.framework */,
				167A43321E8453E100083790 /* Dispatcher_macOS.framework */,
			);
			name = Products;
			sourceTree = "<group>";
		};
		167A43181E8452C900083790 /* src */ = {
			isa = PBXGroup;
			children = (
				16E2E4961E89493F005C238B /* Middleware */,
				1601D4231E8895B6008A2CF5 /* Action.swift */,
				167A43211E8453A300083790 /* Dispatcher.swift */,
				167A43231E8453A300083790 /* Middleware.swift */,
				167A43241E8453A300083790 /* Operations.swift */,
				167A43251E8453A300083790 /* Reducer.swift */,
				167A43261E8453A300083790 /* Store.swift */,
				167A43191E8452C900083790 /* Dispatcher.h */,
				167A431A1E8452C900083790 /* Info.plist */,
			);
			path = src;
			sourceTree = "<group>";
		};
		167A43331E8453E100083790 /* macos */ = {
			isa = PBXGroup;
			children = (
				167A43341E8453E100083790 /* Dispatcher_macOS.h */,
				167A43351E8453E100083790 /* Info.plist */,
			);
			path = macos;
			sourceTree = "<group>";
		};
		16E2E4961E89493F005C238B /* Middleware */ = {
			isa = PBXGroup;
			children = (
				167A43221E8453A300083790 /* LoggerMiddleware.swift */,
				16D979D11E88C4CB00F4430B /* RecorderMiddleware.swift */,
			);
			name = Middleware;
			sourceTree = "<group>";
		};
/* End PBXGroup section */

/* Begin PBXHeadersBuildPhase section */
		167A43131E8452C900083790 /* Headers */ = {
			isa = PBXHeadersBuildPhase;
			buildActionMask = 2147483647;
			files = (
				167A431B1E8452C900083790 /* Dispatcher.h in Headers */,
			);
			runOnlyForDeploymentPostprocessing = 0;
		};
		167A432F1E8453E100083790 /* Headers */ = {
			isa = PBXHeadersBuildPhase;
			buildActionMask = 2147483647;
			files = (
				167A43361E8453E100083790 /* Dispatcher_macOS.h in Headers */,
			);
			runOnlyForDeploymentPostprocessing = 0;
		};
/* End PBXHeadersBuildPhase section */

/* Begin PBXNativeTarget section */
		167A43151E8452C900083790 /* Dispatcher_iOS */ = {
			isa = PBXNativeTarget;
			buildConfigurationList = 167A431E1E8452C900083790 /* Build configuration list for PBXNativeTarget "Dispatcher_iOS" */;
			buildPhases = (
				167A43111E8452C900083790 /* Sources */,
				167A43121E8452C900083790 /* Frameworks */,
				167A43131E8452C900083790 /* Headers */,
				167A43141E8452C900083790 /* Resources */,
			);
			buildRules = (
			);
			dependencies = (
			);
			name = Dispatcher_iOS;
			productName = Dispatcher;
			productReference = 167A43161E8452C900083790 /* Dispatcher_iOS.framework */;
			productType = "com.apple.product-type.framework";
		};
		167A43311E8453E100083790 /* Dispatcher_macOS */ = {
			isa = PBXNativeTarget;
			buildConfigurationList = 167A43371E8453E100083790 /* Build configuration list for PBXNativeTarget "Dispatcher_macOS" */;
			buildPhases = (
				167A432D1E8453E100083790 /* Sources */,
				167A432E1E8453E100083790 /* Frameworks */,
				167A432F1E8453E100083790 /* Headers */,
				167A43301E8453E100083790 /* Resources */,
			);
			buildRules = (
			);
			dependencies = (
			);
			name = Dispatcher_macOS;
			productName = Dispatcher_macOS;
			productReference = 167A43321E8453E100083790 /* Dispatcher_macOS.framework */;
			productType = "com.apple.product-type.framework";
		};
/* End PBXNativeTarget section */

/* Begin PBXProject section */
		167A430D1E8452C900083790 /* Project object */ = {
			isa = PBXProject;
			attributes = {
				LastUpgradeCheck = 0820;
				ORGANIZATIONNAME = "Alex Usbergo";
				TargetAttributes = {
					167A43151E8452C900083790 = {
						CreatedOnToolsVersion = 8.2.1;
						LastSwiftMigration = 0820;
						ProvisioningStyle = Automatic;
					};
					167A43311E8453E100083790 = {
						CreatedOnToolsVersion = 8.2.1;
						ProvisioningStyle = Automatic;
					};
				};
			};
			buildConfigurationList = 167A43101E8452C900083790 /* Build configuration list for PBXProject "Dispatcher" */;
			compatibilityVersion = "Xcode 3.2";
			developmentRegion = English;
			hasScannedForEncodings = 0;
			knownRegions = (
				en,
			);
			mainGroup = 167A430C1E8452C900083790;
			productRefGroup = 167A43171E8452C900083790 /* Products */;
			projectDirPath = "";
			projectRoot = "";
			targets = (
				167A43151E8452C900083790 /* Dispatcher_iOS */,
				167A43311E8453E100083790 /* Dispatcher_macOS */,
			);
		};
/* End PBXProject section */

/* Begin PBXResourcesBuildPhase section */
		167A43141E8452C900083790 /* Resources */ = {
			isa = PBXResourcesBuildPhase;
			buildActionMask = 2147483647;
			files = (
			);
			runOnlyForDeploymentPostprocessing = 0;
		};
		167A43301E8453E100083790 /* Resources */ = {
			isa = PBXResourcesBuildPhase;
			buildActionMask = 2147483647;
			files = (
			);
			runOnlyForDeploymentPostprocessing = 0;
		};
/* End PBXResourcesBuildPhase section */

/* Begin PBXSourcesBuildPhase section */
		167A43111E8452C900083790 /* Sources */ = {
			isa = PBXSourcesBuildPhase;
			buildActionMask = 2147483647;
			files = (
				167A43291E8453A300083790 /* Middleware.swift in Sources */,
				167A43271E8453A300083790 /* Dispatcher.swift in Sources */,
				167A43281E8453A300083790 /* LoggerMiddleware.swift in Sources */,
				167A432C1E8453A300083790 /* Store.swift in Sources */,
				1601D4241E8895B6008A2CF5 /* Action.swift in Sources */,
				167A432B1E8453A300083790 /* Reducer.swift in Sources */,
				167A432A1E8453A300083790 /* Operations.swift in Sources */,
			);
			runOnlyForDeploymentPostprocessing = 0;
		};
		167A432D1E8453E100083790 /* Sources */ = {
			isa = PBXSourcesBuildPhase;
			buildActionMask = 2147483647;
			files = (
				167A433C1E84540A00083790 /* Middleware.swift in Sources */,
				167A433A1E84540A00083790 /* Dispatcher.swift in Sources */,
				167A433B1E84540A00083790 /* LoggerMiddleware.swift in Sources */,
				167A433F1E84540A00083790 /* Store.swift in Sources */,
				1601D4251E8895D3008A2CF5 /* Action.swift in Sources */,
				167A433E1E84540A00083790 /* Reducer.swift in Sources */,
				167A433D1E84540A00083790 /* Operations.swift in Sources */,
			);
			runOnlyForDeploymentPostprocessing = 0;
		};
/* End PBXSourcesBuildPhase section */

/* Begin XCBuildConfiguration section */
		167A431C1E8452C900083790 /* Debug */ = {
			isa = XCBuildConfiguration;
			buildSettings = {
				ALWAYS_SEARCH_USER_PATHS = NO;
				CLANG_ANALYZER_NONNULL = YES;
				CLANG_CXX_LANGUAGE_STANDARD = "gnu++0x";
				CLANG_CXX_LIBRARY = "libc++";
				CLANG_ENABLE_MODULES = YES;
				CLANG_ENABLE_OBJC_ARC = YES;
				CLANG_WARN_BOOL_CONVERSION = YES;
				CLANG_WARN_CONSTANT_CONVERSION = YES;
				CLANG_WARN_DIRECT_OBJC_ISA_USAGE = YES_ERROR;
				CLANG_WARN_DOCUMENTATION_COMMENTS = YES;
				CLANG_WARN_EMPTY_BODY = YES;
				CLANG_WARN_ENUM_CONVERSION = YES;
				CLANG_WARN_INFINITE_RECURSION = YES;
				CLANG_WARN_INT_CONVERSION = YES;
				CLANG_WARN_OBJC_ROOT_CLASS = YES_ERROR;
				CLANG_WARN_SUSPICIOUS_MOVE = YES;
				CLANG_WARN_UNREACHABLE_CODE = YES;
				CLANG_WARN__DUPLICATE_METHOD_MATCH = YES;
				"CODE_SIGN_IDENTITY[sdk=iphoneos*]" = "iPhone Developer";
				COPY_PHASE_STRIP = NO;
				CURRENT_PROJECT_VERSION = 1;
				DEBUG_INFORMATION_FORMAT = dwarf;
				ENABLE_STRICT_OBJC_MSGSEND = YES;
				ENABLE_TESTABILITY = YES;
				GCC_C_LANGUAGE_STANDARD = gnu99;
				GCC_DYNAMIC_NO_PIC = NO;
				GCC_NO_COMMON_BLOCKS = YES;
				GCC_OPTIMIZATION_LEVEL = 0;
				GCC_PREPROCESSOR_DEFINITIONS = (
					"DEBUG=1",
					"$(inherited)",
				);
				GCC_WARN_64_TO_32_BIT_CONVERSION = YES;
				GCC_WARN_ABOUT_RETURN_TYPE = YES_ERROR;
				GCC_WARN_UNDECLARED_SELECTOR = YES;
				GCC_WARN_UNINITIALIZED_AUTOS = YES_AGGRESSIVE;
				GCC_WARN_UNUSED_FUNCTION = YES;
				GCC_WARN_UNUSED_VARIABLE = YES;
				IPHONEOS_DEPLOYMENT_TARGET = 10.2;
				MTL_ENABLE_DEBUG_INFO = YES;
				ONLY_ACTIVE_ARCH = YES;
				SDKROOT = iphoneos;
				SWIFT_ACTIVE_COMPILATION_CONDITIONS = DEBUG;
				SWIFT_OPTIMIZATION_LEVEL = "-Onone";
				TARGETED_DEVICE_FAMILY = "1,2";
				VERSIONING_SYSTEM = "apple-generic";
				VERSION_INFO_PREFIX = "";
			};
			name = Debug;
		};
		167A431D1E8452C900083790 /* Release */ = {
			isa = XCBuildConfiguration;
			buildSettings = {
				ALWAYS_SEARCH_USER_PATHS = NO;
				CLANG_ANALYZER_NONNULL = YES;
				CLANG_CXX_LANGUAGE_STANDARD = "gnu++0x";
				CLANG_CXX_LIBRARY = "libc++";
				CLANG_ENABLE_MODULES = YES;
				CLANG_ENABLE_OBJC_ARC = YES;
				CLANG_WARN_BOOL_CONVERSION = YES;
				CLANG_WARN_CONSTANT_CONVERSION = YES;
				CLANG_WARN_DIRECT_OBJC_ISA_USAGE = YES_ERROR;
				CLANG_WARN_DOCUMENTATION_COMMENTS = YES;
				CLANG_WARN_EMPTY_BODY = YES;
				CLANG_WARN_ENUM_CONVERSION = YES;
				CLANG_WARN_INFINITE_RECURSION = YES;
				CLANG_WARN_INT_CONVERSION = YES;
				CLANG_WARN_OBJC_ROOT_CLASS = YES_ERROR;
				CLANG_WARN_SUSPICIOUS_MOVE = YES;
				CLANG_WARN_UNREACHABLE_CODE = YES;
				CLANG_WARN__DUPLICATE_METHOD_MATCH = YES;
				"CODE_SIGN_IDENTITY[sdk=iphoneos*]" = "iPhone Developer";
				COPY_PHASE_STRIP = NO;
				CURRENT_PROJECT_VERSION = 1;
				DEBUG_INFORMATION_FORMAT = "dwarf-with-dsym";
				ENABLE_NS_ASSERTIONS = NO;
				ENABLE_STRICT_OBJC_MSGSEND = YES;
				GCC_C_LANGUAGE_STANDARD = gnu99;
				GCC_NO_COMMON_BLOCKS = YES;
				GCC_WARN_64_TO_32_BIT_CONVERSION = YES;
				GCC_WARN_ABOUT_RETURN_TYPE = YES_ERROR;
				GCC_WARN_UNDECLARED_SELECTOR = YES;
				GCC_WARN_UNINITIALIZED_AUTOS = YES_AGGRESSIVE;
				GCC_WARN_UNUSED_FUNCTION = YES;
				GCC_WARN_UNUSED_VARIABLE = YES;
				IPHONEOS_DEPLOYMENT_TARGET = 10.2;
				MTL_ENABLE_DEBUG_INFO = NO;
				SDKROOT = iphoneos;
				SWIFT_OPTIMIZATION_LEVEL = "-Owholemodule";
				TARGETED_DEVICE_FAMILY = "1,2";
				VALIDATE_PRODUCT = YES;
				VERSIONING_SYSTEM = "apple-generic";
				VERSION_INFO_PREFIX = "";
			};
			name = Release;
		};
		167A431F1E8452C900083790 /* Debug */ = {
			isa = XCBuildConfiguration;
			buildSettings = {
				CLANG_ENABLE_MODULES = YES;
				CODE_SIGN_IDENTITY = "";
				DEFINES_MODULE = YES;
				DYLIB_COMPATIBILITY_VERSION = 1;
				DYLIB_CURRENT_VERSION = 1;
				DYLIB_INSTALL_NAME_BASE = "@rpath";
				INFOPLIST_FILE = src/Info.plist;
				INSTALL_PATH = "$(LOCAL_LIBRARY_DIR)/Frameworks";
				LD_RUNPATH_SEARCH_PATHS = "$(inherited) @executable_path/Frameworks @loader_path/Frameworks";
				ONLY_ACTIVE_ARCH = NO;
				PRODUCT_BUNDLE_IDENTIFIER = com.alexdrone.Dispatcher;
				PRODUCT_NAME = "$(TARGET_NAME)";
				SKIP_INSTALL = YES;
				SWIFT_OPTIMIZATION_LEVEL = "-Onone";
				SWIFT_VERSION = 3.0;
			};
			name = Debug;
		};
		167A43201E8452C900083790 /* Release */ = {
			isa = XCBuildConfiguration;
			buildSettings = {
				CLANG_ENABLE_MODULES = YES;
				CODE_SIGN_IDENTITY = "";
				DEFINES_MODULE = YES;
				DYLIB_COMPATIBILITY_VERSION = 1;
				DYLIB_CURRENT_VERSION = 1;
				DYLIB_INSTALL_NAME_BASE = "@rpath";
				INFOPLIST_FILE = src/Info.plist;
				INSTALL_PATH = "$(LOCAL_LIBRARY_DIR)/Frameworks";
				LD_RUNPATH_SEARCH_PATHS = "$(inherited) @executable_path/Frameworks @loader_path/Frameworks";
				PRODUCT_BUNDLE_IDENTIFIER = com.alexdrone.Dispatcher;
				PRODUCT_NAME = "$(TARGET_NAME)";
				SKIP_INSTALL = YES;
				SWIFT_VERSION = 3.0;
			};
			name = Release;
		};
		167A43381E8453E100083790 /* Debug */ = {
			isa = XCBuildConfiguration;
			buildSettings = {
				CODE_SIGN_IDENTITY = "-";
				COMBINE_HIDPI_IMAGES = YES;
				DEFINES_MODULE = YES;
				DYLIB_COMPATIBILITY_VERSION = 1;
				DYLIB_CURRENT_VERSION = 1;
				DYLIB_INSTALL_NAME_BASE = "@rpath";
				FRAMEWORK_VERSION = A;
				INFOPLIST_FILE = macos/Info.plist;
				INSTALL_PATH = "$(LOCAL_LIBRARY_DIR)/Frameworks";
				LD_RUNPATH_SEARCH_PATHS = "$(inherited) @executable_path/../Frameworks @loader_path/Frameworks";
				MACOSX_DEPLOYMENT_TARGET = 10.12;
				PRODUCT_BUNDLE_IDENTIFIER = "com.alexdrone.Dispatcher-macOS";
				PRODUCT_NAME = "$(TARGET_NAME)";
				SDKROOT = macosx;
				SKIP_INSTALL = YES;
				SWIFT_VERSION = 3.0;
			};
			name = Debug;
		};
		167A43391E8453E100083790 /* Release */ = {
			isa = XCBuildConfiguration;
			buildSettings = {
				CODE_SIGN_IDENTITY = "-";
				COMBINE_HIDPI_IMAGES = YES;
				DEFINES_MODULE = YES;
				DYLIB_COMPATIBILITY_VERSION = 1;
				DYLIB_CURRENT_VERSION = 1;
				DYLIB_INSTALL_NAME_BASE = "@rpath";
				FRAMEWORK_VERSION = A;
				INFOPLIST_FILE = macos/Info.plist;
				INSTALL_PATH = "$(LOCAL_LIBRARY_DIR)/Frameworks";
				LD_RUNPATH_SEARCH_PATHS = "$(inherited) @executable_path/../Frameworks @loader_path/Frameworks";
				MACOSX_DEPLOYMENT_TARGET = 10.12;
				PRODUCT_BUNDLE_IDENTIFIER = "com.alexdrone.Dispatcher-macOS";
				PRODUCT_NAME = "$(TARGET_NAME)";
				SDKROOT = macosx;
				SKIP_INSTALL = YES;
				SWIFT_VERSION = 3.0;
			};
			name = Release;
		};
/* End XCBuildConfiguration section */

/* Begin XCConfigurationList section */
		167A43101E8452C900083790 /* Build configuration list for PBXProject "Dispatcher" */ = {
			isa = XCConfigurationList;
			buildConfigurations = (
				167A431C1E8452C900083790 /* Debug */,
				167A431D1E8452C900083790 /* Release */,
			);
			defaultConfigurationIsVisible = 0;
			defaultConfigurationName = Release;
		};
		167A431E1E8452C900083790 /* Build configuration list for PBXNativeTarget "Dispatcher_iOS" */ = {
			isa = XCConfigurationList;
			buildConfigurations = (
				167A431F1E8452C900083790 /* Debug */,
				167A43201E8452C900083790 /* Release */,
			);
			defaultConfigurationIsVisible = 0;
			defaultConfigurationName = Release;
		};
		167A43371E8453E100083790 /* Build configuration list for PBXNativeTarget "Dispatcher_macOS" */ = {
			isa = XCConfigurationList;
			buildConfigurations = (
				167A43381E8453E100083790 /* Debug */,
				167A43391E8453E100083790 /* Release */,
			);
			defaultConfigurationIsVisible = 0;
			defaultConfigurationName = Release;
		};
/* End XCConfigurationList section */
	};
	rootObject = 167A430D1E8452C900083790 /* Project object */;
}
