// !$*UTF8*$!
{
	archiveVersion = 1;
	classes = {
	};
	objectVersion = 52;
	objects = {

/* Begin PBXBuildFile section */
		168DE63C2607586200CB2507 /* App.swift in Sources */ = {isa = PBXBuildFile; fileRef = 168DE63B2607586200CB2507 /* App.swift */; };
		168DE63E2607586200CB2507 /* Sidebar.swift in Sources */ = {isa = PBXBuildFile; fileRef = 168DE63D2607586200CB2507 /* Sidebar.swift */; };
		168DE6402607586200CB2507 /* Assets.xcassets in Resources */ = {isa = PBXBuildFile; fileRef = 168DE63F2607586200CB2507 /* Assets.xcassets */; };
		168DE6432607586200CB2507 /* Preview Assets.xcassets in Resources */ = {isa = PBXBuildFile; fileRef = 168DE6422607586200CB2507 /* Preview Assets.xcassets */; };
		168DE64D260758BE00CB2507 /* Store in Frameworks */ = {isa = PBXBuildFile; productRef = 168DE64C260758BE00CB2507 /* Store */; };
		168DE65926075B8800CB2507 /* CounterView.swift in Sources */ = {isa = PBXBuildFile; fileRef = 168DE65826075B8800CB2507 /* CounterView.swift */; };
		168DE65E260784F900CB2507 /* TodoListView.swift in Sources */ = {isa = PBXBuildFile; fileRef = 168DE65D260784F900CB2507 /* TodoListView.swift */; };
/* End PBXBuildFile section */

/* Begin PBXFileReference section */
		168DE6382607586200CB2507 /* store_examples.app */ = {isa = PBXFileReference; explicitFileType = wrapper.application; includeInIndex = 0; path = store_examples.app; sourceTree = BUILT_PRODUCTS_DIR; };
		168DE63B2607586200CB2507 /* App.swift */ = {isa = PBXFileReference; lastKnownFileType = sourcecode.swift; path = App.swift; sourceTree = "<group>"; };
		168DE63D2607586200CB2507 /* Sidebar.swift */ = {isa = PBXFileReference; lastKnownFileType = sourcecode.swift; path = Sidebar.swift; sourceTree = "<group>"; };
		168DE63F2607586200CB2507 /* Assets.xcassets */ = {isa = PBXFileReference; lastKnownFileType = folder.assetcatalog; path = Assets.xcassets; sourceTree = "<group>"; };
		168DE6422607586200CB2507 /* Preview Assets.xcassets */ = {isa = PBXFileReference; lastKnownFileType = folder.assetcatalog; path = "Preview Assets.xcassets"; sourceTree = "<group>"; };
		168DE6442607586200CB2507 /* Info.plist */ = {isa = PBXFileReference; lastKnownFileType = text.plist.xml; path = Info.plist; sourceTree = "<group>"; };
		168DE650260758F400CB2507 /* store_examples.entitlements */ = {isa = PBXFileReference; lastKnownFileType = text.plist.entitlements; path = store_examples.entitlements; sourceTree = "<group>"; };
		168DE65826075B8800CB2507 /* CounterView.swift */ = {isa = PBXFileReference; lastKnownFileType = sourcecode.swift; path = CounterView.swift; sourceTree = "<group>"; };
		168DE65D260784F900CB2507 /* TodoListView.swift */ = {isa = PBXFileReference; lastKnownFileType = sourcecode.swift; path = TodoListView.swift; sourceTree = "<group>"; };
/* End PBXFileReference section */

/* Begin PBXFrameworksBuildPhase section */
		168DE6352607586200CB2507 /* Frameworks */ = {
			isa = PBXFrameworksBuildPhase;
			buildActionMask = 2147483647;
			files = (
				168DE64D260758BE00CB2507 /* Store in Frameworks */,
			);
			runOnlyForDeploymentPostprocessing = 0;
		};
/* End PBXFrameworksBuildPhase section */

/* Begin PBXGroup section */
		168DE62F2607586100CB2507 = {
			isa = PBXGroup;
			children = (
				168DE63A2607586200CB2507 /* store_examples */,
				168DE6392607586200CB2507 /* Products */,
			);
			sourceTree = "<group>";
		};
		168DE6392607586200CB2507 /* Products */ = {
			isa = PBXGroup;
			children = (
				168DE6382607586200CB2507 /* store_examples.app */,
			);
			name = Products;
			sourceTree = "<group>";
		};
		168DE63A2607586200CB2507 /* store_examples */ = {
			isa = PBXGroup;
			children = (
				168DE650260758F400CB2507 /* store_examples.entitlements */,
				168DE63B2607586200CB2507 /* App.swift */,
				168DE63D2607586200CB2507 /* Sidebar.swift */,
				168DE65826075B8800CB2507 /* CounterView.swift */,
				168DE65D260784F900CB2507 /* TodoListView.swift */,
				168DE63F2607586200CB2507 /* Assets.xcassets */,
				168DE6442607586200CB2507 /* Info.plist */,
				168DE6412607586200CB2507 /* Preview Content */,
			);
			path = store_examples;
			sourceTree = "<group>";
		};
		168DE6412607586200CB2507 /* Preview Content */ = {
			isa = PBXGroup;
			children = (
				168DE6422607586200CB2507 /* Preview Assets.xcassets */,
			);
			path = "Preview Content";
			sourceTree = "<group>";
		};
/* End PBXGroup section */

/* Begin PBXNativeTarget section */
		168DE6372607586200CB2507 /* store_examples */ = {
			isa = PBXNativeTarget;
			buildConfigurationList = 168DE6472607586200CB2507 /* Build configuration list for PBXNativeTarget "store_examples" */;
			buildPhases = (
				168DE6342607586200CB2507 /* Sources */,
				168DE6352607586200CB2507 /* Frameworks */,
				168DE6362607586200CB2507 /* Resources */,
			);
			buildRules = (
			);
			dependencies = (
			);
			name = store_examples;
			packageProductDependencies = (
				168DE64C260758BE00CB2507 /* Store */,
			);
			productName = store_examples;
			productReference = 168DE6382607586200CB2507 /* store_examples.app */;
			productType = "com.apple.product-type.application";
		};
/* End PBXNativeTarget section */

/* Begin PBXProject section */
		168DE6302607586100CB2507 /* Project object */ = {
			isa = PBXProject;
			attributes = {
				LastSwiftUpdateCheck = 1240;
				LastUpgradeCheck = 1240;
				TargetAttributes = {
					168DE6372607586200CB2507 = {
						CreatedOnToolsVersion = 12.4;
					};
				};
			};
			buildConfigurationList = 168DE6332607586200CB2507 /* Build configuration list for PBXProject "store_examples" */;
			compatibilityVersion = "Xcode 9.3";
			developmentRegion = en;
			hasScannedForEncodings = 0;
			knownRegions = (
				en,
				Base,
			);
			mainGroup = 168DE62F2607586100CB2507;
			packageReferences = (
				168DE64B260758BE00CB2507 /* XCRemoteSwiftPackageReference "Store" */,
			);
			productRefGroup = 168DE6392607586200CB2507 /* Products */;
			projectDirPath = "";
			projectRoot = "";
			targets = (
				168DE6372607586200CB2507 /* store_examples */,
			);
		};
/* End PBXProject section */

/* Begin PBXResourcesBuildPhase section */
		168DE6362607586200CB2507 /* Resources */ = {
			isa = PBXResourcesBuildPhase;
			buildActionMask = 2147483647;
			files = (
				168DE6432607586200CB2507 /* Preview Assets.xcassets in Resources */,
				168DE6402607586200CB2507 /* Assets.xcassets in Resources */,
			);
			runOnlyForDeploymentPostprocessing = 0;
		};
/* End PBXResourcesBuildPhase section */

/* Begin PBXSourcesBuildPhase section */
		168DE6342607586200CB2507 /* Sources */ = {
			isa = PBXSourcesBuildPhase;
			buildActionMask = 2147483647;
			files = (
				168DE63E2607586200CB2507 /* Sidebar.swift in Sources */,
				168DE65E260784F900CB2507 /* TodoListView.swift in Sources */,
				168DE63C2607586200CB2507 /* App.swift in Sources */,
				168DE65926075B8800CB2507 /* CounterView.swift in Sources */,
			);
			runOnlyForDeploymentPostprocessing = 0;
		};
/* End PBXSourcesBuildPhase section */

/* Begin XCBuildConfiguration section */
		168DE6452607586200CB2507 /* Debug */ = {
			isa = XCBuildConfiguration;
			buildSettings = {
				ALWAYS_SEARCH_USER_PATHS = NO;
				CLANG_ANALYZER_NONNULL = YES;
				CLANG_ANALYZER_NUMBER_OBJECT_CONVERSION = YES_AGGRESSIVE;
				CLANG_CXX_LANGUAGE_STANDARD = "gnu++14";
				CLANG_CXX_LIBRARY = "libc++";
				CLANG_ENABLE_MODULES = YES;
				CLANG_ENABLE_OBJC_ARC = YES;
				CLANG_ENABLE_OBJC_WEAK = YES;
				CLANG_WARN_BLOCK_CAPTURE_AUTORELEASING = YES;
				CLANG_WARN_BOOL_CONVERSION = YES;
				CLANG_WARN_COMMA = YES;
				CLANG_WARN_CONSTANT_CONVERSION = YES;
				CLANG_WARN_DEPRECATED_OBJC_IMPLEMENTATIONS = YES;
				CLANG_WARN_DIRECT_OBJC_ISA_USAGE = YES_ERROR;
				CLANG_WARN_DOCUMENTATION_COMMENTS = YES;
				CLANG_WARN_EMPTY_BODY = YES;
				CLANG_WARN_ENUM_CONVERSION = YES;
				CLANG_WARN_INFINITE_RECURSION = YES;
				CLANG_WARN_INT_CONVERSION = YES;
				CLANG_WARN_NON_LITERAL_NULL_CONVERSION = YES;
				CLANG_WARN_OBJC_IMPLICIT_RETAIN_SELF = YES;
				CLANG_WARN_OBJC_LITERAL_CONVERSION = YES;
				CLANG_WARN_OBJC_ROOT_CLASS = YES_ERROR;
				CLANG_WARN_QUOTED_INCLUDE_IN_FRAMEWORK_HEADER = YES;
				CLANG_WARN_RANGE_LOOP_ANALYSIS = YES;
				CLANG_WARN_STRICT_PROTOTYPES = YES;
				CLANG_WARN_SUSPICIOUS_MOVE = YES;
				CLANG_WARN_UNGUARDED_AVAILABILITY = YES_AGGRESSIVE;
				CLANG_WARN_UNREACHABLE_CODE = YES;
				CLANG_WARN__DUPLICATE_METHOD_MATCH = YES;
				COPY_PHASE_STRIP = NO;
				DEBUG_INFORMATION_FORMAT = dwarf;
				ENABLE_STRICT_OBJC_MSGSEND = YES;
				ENABLE_TESTABILITY = YES;
				GCC_C_LANGUAGE_STANDARD = gnu11;
				GCC_DYNAMIC_NO_PIC = NO;
				GCC_NO_COMMON_BLOCKS = YES;
				GCC_OPTIMIZATION_LEVEL = 0;
				GCC_PREPROCESSOR_DEFINITIONS = (
					"DEBUG=1",
					"$(inherited)",
				);
				GCC_WARN_64_TO_32_BIT_CONVERSION = YES;
				GCC_WARN_ABOUT_RETURN_TYPE = YES_ERROR;
				GCC_WARN_UNDECLARED_SELECTOR = YES;
				GCC_WARN_UNINITIALIZED_AUTOS = YES_AGGRESSIVE;
				GCC_WARN_UNUSED_FUNCTION = YES;
				GCC_WARN_UNUSED_VARIABLE = YES;
				IPHONEOS_DEPLOYMENT_TARGET = 14.4;
				MTL_ENABLE_DEBUG_INFO = INCLUDE_SOURCE;
				MTL_FAST_MATH = YES;
				ONLY_ACTIVE_ARCH = YES;
				SDKROOT = iphoneos;
				SWIFT_ACTIVE_COMPILATION_CONDITIONS = DEBUG;
				SWIFT_OPTIMIZATION_LEVEL = "-Onone";
			};
			name = Debug;
		};
		168DE6462607586200CB2507 /* Release */ = {
			isa = XCBuildConfiguration;
			buildSettings = {
				ALWAYS_SEARCH_USER_PATHS = NO;
				CLANG_ANALYZER_NONNULL = YES;
				CLANG_ANALYZER_NUMBER_OBJECT_CONVERSION = YES_AGGRESSIVE;
				CLANG_CXX_LANGUAGE_STANDARD = "gnu++14";
				CLANG_CXX_LIBRARY = "libc++";
				CLANG_ENABLE_MODULES = YES;
				CLANG_ENABLE_OBJC_ARC = YES;
				CLANG_ENABLE_OBJC_WEAK = YES;
				CLANG_WARN_BLOCK_CAPTURE_AUTORELEASING = YES;
				CLANG_WARN_BOOL_CONVERSION = YES;
				CLANG_WARN_COMMA = YES;
				CLANG_WARN_CONSTANT_CONVERSION = YES;
				CLANG_WARN_DEPRECATED_OBJC_IMPLEMENTATIONS = YES;
				CLANG_WARN_DIRECT_OBJC_ISA_USAGE = YES_ERROR;
				CLANG_WARN_DOCUMENTATION_COMMENTS = YES;
				CLANG_WARN_EMPTY_BODY = YES;
				CLANG_WARN_ENUM_CONVERSION = YES;
				CLANG_WARN_INFINITE_RECURSION = YES;
				CLANG_WARN_INT_CONVERSION = YES;
				CLANG_WARN_NON_LITERAL_NULL_CONVERSION = YES;
				CLANG_WARN_OBJC_IMPLICIT_RETAIN_SELF = YES;
				CLANG_WARN_OBJC_LITERAL_CONVERSION = YES;
				CLANG_WARN_OBJC_ROOT_CLASS = YES_ERROR;
				CLANG_WARN_QUOTED_INCLUDE_IN_FRAMEWORK_HEADER = YES;
				CLANG_WARN_RANGE_LOOP_ANALYSIS = YES;
				CLANG_WARN_STRICT_PROTOTYPES = YES;
				CLANG_WARN_SUSPICIOUS_MOVE = YES;
				CLANG_WARN_UNGUARDED_AVAILABILITY = YES_AGGRESSIVE;
				CLANG_WARN_UNREACHABLE_CODE = YES;
				CLANG_WARN__DUPLICATE_METHOD_MATCH = YES;
				COPY_PHASE_STRIP = NO;
				DEBUG_INFORMATION_FORMAT = "dwarf-with-dsym";
				ENABLE_NS_ASSERTIONS = NO;
				ENABLE_STRICT_OBJC_MSGSEND = YES;
				GCC_C_LANGUAGE_STANDARD = gnu11;
				GCC_NO_COMMON_BLOCKS = YES;
				GCC_WARN_64_TO_32_BIT_CONVERSION = YES;
				GCC_WARN_ABOUT_RETURN_TYPE = YES_ERROR;
				GCC_WARN_UNDECLARED_SELECTOR = YES;
				GCC_WARN_UNINITIALIZED_AUTOS = YES_AGGRESSIVE;
				GCC_WARN_UNUSED_FUNCTION = YES;
				GCC_WARN_UNUSED_VARIABLE = YES;
				IPHONEOS_DEPLOYMENT_TARGET = 14.4;
				MTL_ENABLE_DEBUG_INFO = NO;
				MTL_FAST_MATH = YES;
				SDKROOT = iphoneos;
				SWIFT_COMPILATION_MODE = wholemodule;
				SWIFT_OPTIMIZATION_LEVEL = "-O";
				VALIDATE_PRODUCT = YES;
			};
			name = Release;
		};
		168DE6482607586200CB2507 /* Debug */ = {
			isa = XCBuildConfiguration;
			buildSettings = {
				ASSETCATALOG_COMPILER_APPICON_NAME = AppIcon;
				ASSETCATALOG_COMPILER_GLOBAL_ACCENT_COLOR_NAME = AccentColor;
				CODE_SIGN_ENTITLEMENTS = store_examples/store_examples.entitlements;
				CODE_SIGN_IDENTITY = "iPhone Developer";
				"CODE_SIGN_IDENTITY[sdk=macosx*]" = "-";
				CODE_SIGN_STYLE = Manual;
				DEVELOPMENT_ASSET_PATHS = "\"store_examples/Preview Content\"";
				DEVELOPMENT_TEAM = EQHXZ8M8AV;
				ENABLE_PREVIEWS = YES;
				INFOPLIST_FILE = store_examples/Info.plist;
				IPHONEOS_DEPLOYMENT_TARGET = 14.0;
				LD_RUNPATH_SEARCH_PATHS = (
					"$(inherited)",
					"@executable_path/Frameworks",
				);
				PRODUCT_BUNDLE_IDENTIFIER = "io.store.store-examples";
				PRODUCT_NAME = "$(TARGET_NAME)";
				"PROVISIONING_PROFILE_SPECIFIER[sdk=macosx*]" = "";
				SUPPORTS_MACCATALYST = YES;
				SWIFT_VERSION = 5.0;
				TARGETED_DEVICE_FAMILY = "1,2";
			};
			name = Debug;
		};
		168DE6492607586200CB2507 /* Release */ = {
			isa = XCBuildConfiguration;
			buildSettings = {
				ASSETCATALOG_COMPILER_APPICON_NAME = AppIcon;
				ASSETCATALOG_COMPILER_GLOBAL_ACCENT_COLOR_NAME = AccentColor;
				CODE_SIGN_ENTITLEMENTS = store_examples/store_examples.entitlements;
				CODE_SIGN_IDENTITY = "iPhone Developer";
				"CODE_SIGN_IDENTITY[sdk=macosx*]" = "-";
				CODE_SIGN_STYLE = Manual;
				DEVELOPMENT_ASSET_PATHS = "\"store_examples/Preview Content\"";
				DEVELOPMENT_TEAM = EQHXZ8M8AV;
				ENABLE_PREVIEWS = YES;
				INFOPLIST_FILE = store_examples/Info.plist;
				IPHONEOS_DEPLOYMENT_TARGET = 14.0;
				LD_RUNPATH_SEARCH_PATHS = (
					"$(inherited)",
					"@executable_path/Frameworks",
				);
				PRODUCT_BUNDLE_IDENTIFIER = "io.store.store-examples";
				PRODUCT_NAME = "$(TARGET_NAME)";
				"PROVISIONING_PROFILE_SPECIFIER[sdk=macosx*]" = "";
				SUPPORTS_MACCATALYST = YES;
				SWIFT_VERSION = 5.0;
				TARGETED_DEVICE_FAMILY = "1,2";
			};
			name = Release;
		};
/* End XCBuildConfiguration section */

/* Begin XCConfigurationList section */
		168DE6332607586200CB2507 /* Build configuration list for PBXProject "store_examples" */ = {
			isa = XCConfigurationList;
			buildConfigurations = (
				168DE6452607586200CB2507 /* Debug */,
				168DE6462607586200CB2507 /* Release */,
			);
			defaultConfigurationIsVisible = 0;
			defaultConfigurationName = Release;
		};
		168DE6472607586200CB2507 /* Build configuration list for PBXNativeTarget "store_examples" */ = {
			isa = XCConfigurationList;
			buildConfigurations = (
				168DE6482607586200CB2507 /* Debug */,
				168DE6492607586200CB2507 /* Release */,
			);
			defaultConfigurationIsVisible = 0;
			defaultConfigurationName = Release;
		};
/* End XCConfigurationList section */

/* Begin XCRemoteSwiftPackageReference section */
		168DE64B260758BE00CB2507 /* XCRemoteSwiftPackageReference "Store" */ = {
			isa = XCRemoteSwiftPackageReference;
			repositoryURL = "https://github.com/alexdrone/Store";
			requirement = {
				branch = master;
				kind = branch;
			};
		};
/* End XCRemoteSwiftPackageReference section */

/* Begin XCSwiftPackageProductDependency section */
		168DE64C260758BE00CB2507 /* Store */ = {
			isa = XCSwiftPackageProductDependency;
			package = 168DE64B260758BE00CB2507 /* XCRemoteSwiftPackageReference "Store" */;
			productName = Store;
		};
/* End XCSwiftPackageProductDependency section */
	};
	rootObject = 168DE6302607586100CB2507 /* Project object */;
}
